
Microsoft Visual Studio Solution File, Format Version 12.00
# Visual Studio Version 16
VisualStudioVersion = 16.0.29709.97
MinimumVisualStudioVersion = 10.0.40219.1
Project("{FAE04EC0-301F-11D3-BF4B-00C04F79EFBC}") = "Pr04-02-02", "Pr04-02-02\Pr04-02-02.csproj", "{2552E204-E779-4018-BFB5-C82D93FE3129}"
EndProject
Global
	GlobalSection(SolutionConfigurationPlatforms) = preSolution
		Debug|Any CPU = Debug|Any CPU
		Release|Any CPU = Release|Any CPU
	EndGlobalSection
	GlobalSection(ProjectConfigurationPlatforms) = postSolution
		{2552E204-E779-4018-BFB5-C82D93FE3129}.Debug|Any CPU.ActiveCfg = Debug|Any CPU
		{2552E204-E779-4018-BFB5-C82D93FE3129}.Debug|Any CPU.Build.0 = Debug|Any CPU
		{2552E204-E779-4018-BFB5-C82D93FE3129}.Release|Any CPU.ActiveCfg = Release|Any CPU
		{2552E204-E779-4018-BFB5-C82D93FE3129}.Release|Any CPU.Build.0 = Release|Any CPU
	EndGlobalSection
	GlobalSection(SolutionProperties) = preSolution
		HideSolutionNode = FALSE
	EndGlobalSection
	GlobalSection(ExtensibilityGlobals) = postSolution
		SolutionGuid = {75330708-F8BE-4457-AA95-DFFFA29F08E2}
	EndGlobalSection
EndGlobal
